
Microsoft Visual Studio Solution File, Format Version 12.00
Project("{FAE04EC0-301F-11D3-BF4B-00C04F79EFBC}") = "tema2Triunghi", "tema2Triunghi\tema2Triunghi.csproj", "{359A5FA7-E0E8-40AE-8A19-9D80CE29CE02}"
EndProject
Global
	GlobalSection(SolutionConfigurationPlatforms) = preSolution
		Debug|Any CPU = Debug|Any CPU
		Release|Any CPU = Release|Any CPU
	EndGlobalSection
	GlobalSection(ProjectConfigurationPlatforms) = postSolution
		{359A5FA7-E0E8-40AE-8A19-9D80CE29CE02}.Debug|Any CPU.ActiveCfg = Debug|Any CPU
		{359A5FA7-E0E8-40AE-8A19-9D80CE29CE02}.Debug|Any CPU.Build.0 = Debug|Any CPU
		{359A5FA7-E0E8-40AE-8A19-9D80CE29CE02}.Release|Any CPU.ActiveCfg = Release|Any CPU
		{359A5FA7-E0E8-40AE-8A19-9D80CE29CE02}.Release|Any CPU.Build.0 = Release|Any CPU
	EndGlobalSection
EndGlobal
